<Solution>
  <Folder Name="/src/">
    <Project Path="src/ChatWithPdf.Api/ChatWithPdf.Api.csproj" />
    <Project Path="src/ChatWithPdf.Application/ChatWithPdf.Application.csproj" />
    <Project Path="src/ChatWithPdf.Domain/ChatWithPdf.Domain.csproj" />
    <Project Path="src/ChatWithPdf.Infrastructure/ChatWithPdf.Infrastructure.csproj" />
  </Folder>
</Solution>
